
Microsoft Visual Studio Solution File, Format Version 12.00
# Visual Studio Version 16
VisualStudioVersion = 16.0.34301.259
MinimumVisualStudioVersion = 10.0.40219.1
Project("{FAE04EC0-301F-11D3-BF4B-00C04F79EFBC}") = "Tester2", "Tester2.csproj", "{AD92B3B1-2073-4457-9194-07F73C961351}"
EndProject
Global
	GlobalSection(SolutionConfigurationPlatforms) = preSolution
		Debug|Any CPU = Debug|Any CPU
		Release|Any CPU = Release|Any CPU
	EndGlobalSection
	GlobalSection(ProjectConfigurationPlatforms) = postSolution
		{AD92B3B1-2073-4457-9194-07F73C961351}.Debug|Any CPU.ActiveCfg = Debug|Any CPU
		{AD92B3B1-2073-4457-9194-07F73C961351}.Debug|Any CPU.Build.0 = Debug|Any CPU
		{AD92B3B1-2073-4457-9194-07F73C961351}.Release|Any CPU.ActiveCfg = Release|Any CPU
		{AD92B3B1-2073-4457-9194-07F73C961351}.Release|Any CPU.Build.0 = Release|Any CPU
	EndGlobalSection
	GlobalSection(SolutionProperties) = preSolution
		HideSolutionNode = FALSE
	EndGlobalSection
	GlobalSection(ExtensibilityGlobals) = postSolution
		SolutionGuid = {0586B27D-6A5F-403F-AC4F-DE84223EF7AF}
	EndGlobalSection
EndGlobal
